
Microsoft Visual Studio Solution File, Format Version 12.00
# Visual Studio Version 16
VisualStudioVersion = 16.0.30406.217
MinimumVisualStudioVersion = 10.0.40219.1
Project("{FAE04EC0-301F-11D3-BF4B-00C04F79EFBC}") = "week2", "week2\week2.csproj", "{84C52CD7-D215-4124-A6D2-D66255FDF012}"
EndProject
Project("{FAE04EC0-301F-11D3-BF4B-00C04F79EFBC}") = "DAL", "DAL\DAL.csproj", "{ED557C87-ED64-4CA8-95C3-D367E45414C9}"
EndProject
Project("{FAE04EC0-301F-11D3-BF4B-00C04F79EFBC}") = "Model", "Model\Model.csproj", "{E7BE2487-A528-46A7-8A1E-90BAE2C1DCF5}"
EndProject
Global
	GlobalSection(SolutionConfigurationPlatforms) = preSolution
		Debug|Any CPU = Debug|Any CPU
		Release|Any CPU = Release|Any CPU
	EndGlobalSection
	GlobalSection(ProjectConfigurationPlatforms) = postSolution
		{84C52CD7-D215-4124-A6D2-D66255FDF012}.Debug|Any CPU.ActiveCfg = Debug|Any CPU
		{84C52CD7-D215-4124-A6D2-D66255FDF012}.Debug|Any CPU.Build.0 = Debug|Any CPU
		{84C52CD7-D215-4124-A6D2-D66255FDF012}.Release|Any CPU.ActiveCfg = Release|Any CPU
		{84C52CD7-D215-4124-A6D2-D66255FDF012}.Release|Any CPU.Build.0 = Release|Any CPU
		{ED557C87-ED64-4CA8-95C3-D367E45414C9}.Debug|Any CPU.ActiveCfg = Debug|Any CPU
		{ED557C87-ED64-4CA8-95C3-D367E45414C9}.Debug|Any CPU.Build.0 = Debug|Any CPU
		{ED557C87-ED64-4CA8-95C3-D367E45414C9}.Release|Any CPU.ActiveCfg = Release|Any CPU
		{ED557C87-ED64-4CA8-95C3-D367E45414C9}.Release|Any CPU.Build.0 = Release|Any CPU
		{E7BE2487-A528-46A7-8A1E-90BAE2C1DCF5}.Debug|Any CPU.ActiveCfg = Debug|Any CPU
		{E7BE2487-A528-46A7-8A1E-90BAE2C1DCF5}.Debug|Any CPU.Build.0 = Debug|Any CPU
		{E7BE2487-A528-46A7-8A1E-90BAE2C1DCF5}.Release|Any CPU.ActiveCfg = Release|Any CPU
		{E7BE2487-A528-46A7-8A1E-90BAE2C1DCF5}.Release|Any CPU.Build.0 = Release|Any CPU
	EndGlobalSection
	GlobalSection(SolutionProperties) = preSolution
		HideSolutionNode = FALSE
	EndGlobalSection
	GlobalSection(ExtensibilityGlobals) = postSolution
		SolutionGuid = {3013E6CC-9B57-41BD-86EF-E7BCACCE4CF2}
	EndGlobalSection
EndGlobal
